
Microsoft Visual Studio Solution File, Format Version 12.00
# Visual Studio 2013
Project("{FAE04EC0-301F-11D3-BF4B-00C04F79EFBC}") = "UnityVS.Dungeon Crawl.CSharp", "UnityVS.Dungeon Crawl.CSharp.csproj", "{23A4CE2F-702C-B314-560A-DA54C3726115}"
EndProject
Project("{FAE04EC0-301F-11D3-BF4B-00C04F79EFBC}") = "UnityVS.Dungeon Crawl.CSharp.Plugins", "UnityVS.Dungeon Crawl.CSharp.Plugins.csproj", "{9D7095FB-41FF-E14B-A3E1-4548C705C985}"
EndProject
Project("{FAE04EC0-301F-11D3-BF4B-00C04F79EFBC}") = "UnityVS.Dungeon Crawl.CSharp.Editor", "UnityVS.Dungeon Crawl.CSharp.Editor.csproj", "{44FD468A-11B6-C4A3-1986-0EC1AE94DB39}"
EndProject
Global
	GlobalSection(SolutionConfigurationPlatforms) = preSolution
		Debug|Any CPU = Debug|Any CPU
		Release|Any CPU = Release|Any CPU
	EndGlobalSection
	GlobalSection(ProjectConfigurationPlatforms) = postSolution
		{23A4CE2F-702C-B314-560A-DA54C3726115}.Debug|Any CPU.ActiveCfg = Debug|Any CPU
		{23A4CE2F-702C-B314-560A-DA54C3726115}.Debug|Any CPU.Build.0 = Debug|Any CPU
		{23A4CE2F-702C-B314-560A-DA54C3726115}.Release|Any CPU.ActiveCfg = Release|Any CPU
		{23A4CE2F-702C-B314-560A-DA54C3726115}.Release|Any CPU.Build.0 = Release|Any CPU
		{9D7095FB-41FF-E14B-A3E1-4548C705C985}.Debug|Any CPU.ActiveCfg = Debug|Any CPU
		{9D7095FB-41FF-E14B-A3E1-4548C705C985}.Debug|Any CPU.Build.0 = Debug|Any CPU
		{9D7095FB-41FF-E14B-A3E1-4548C705C985}.Release|Any CPU.ActiveCfg = Release|Any CPU
		{9D7095FB-41FF-E14B-A3E1-4548C705C985}.Release|Any CPU.Build.0 = Release|Any CPU
		{44FD468A-11B6-C4A3-1986-0EC1AE94DB39}.Debug|Any CPU.ActiveCfg = Debug|Any CPU
		{44FD468A-11B6-C4A3-1986-0EC1AE94DB39}.Debug|Any CPU.Build.0 = Debug|Any CPU
		{44FD468A-11B6-C4A3-1986-0EC1AE94DB39}.Release|Any CPU.ActiveCfg = Release|Any CPU
		{44FD468A-11B6-C4A3-1986-0EC1AE94DB39}.Release|Any CPU.Build.0 = Release|Any CPU
	EndGlobalSection
	GlobalSection(SolutionProperties) = preSolution
		HideSolutionNode = FALSE
	EndGlobalSection
EndGlobal
